
Microsoft Visual Studio Solution File, Format Version 12.00
# Visual Studio Version 16
VisualStudioVersion = 16.0.29609.76
MinimumVisualStudioVersion = 10.0.40219.1
Project("{9A19103F-16F7-4668-BE54-9A1E7A4F7556}") = "Arcus.EventGrid.Proxy.Api", "Arcus.EventGrid.Proxy.Api\Arcus.EventGrid.Proxy.Api.csproj", "{CF1BA281-352B-41E0-B2AD-DC35C85358B7}"
EndProject
Project("{E53339B2-1760-4266-BCC7-CA923CBCF16C}") = "Arcus.EventGrid.Proxy.Orchestrator", "Arcus.EventGrid.Proxy.Orchestrator.dcproj", "{49D85A35-F341-47A3-887F-68DEC06CEBCD}"
EndProject
Project("{2150E333-8FDC-42A3-9474-1A3956D46DE8}") = "Tests", "Tests", "{0276AB5E-56E3-4CF3-950E-10D0848F62C1}"
EndProject
Project("{9A19103F-16F7-4668-BE54-9A1E7A4F7556}") = "Arcus.EventGrid.Proxy.Tests.Integration", "Arcus.EventGrid.Proxy.Tests.Integration\Arcus.EventGrid.Proxy.Tests.Integration.csproj", "{4C81FC25-0394-4A8D-80EB-3BD1E7FB5FA2}"
EndProject
Project("{9A19103F-16F7-4668-BE54-9A1E7A4F7556}") = "Arcus.EventGrid.Proxy.Tests.Unit", "Arcus.EventGrid.Proxy.Tests.Unit\Arcus.EventGrid.Proxy.Tests.Unit.csproj", "{A19FD310-6ADF-43EB-B684-D5F843A231F8}"
EndProject
Global
	GlobalSection(SolutionConfigurationPlatforms) = preSolution
		Debug|Any CPU = Debug|Any CPU
		Release|Any CPU = Release|Any CPU
	EndGlobalSection
	GlobalSection(ProjectConfigurationPlatforms) = postSolution
		{CF1BA281-352B-41E0-B2AD-DC35C85358B7}.Debug|Any CPU.ActiveCfg = Debug|Any CPU
		{CF1BA281-352B-41E0-B2AD-DC35C85358B7}.Debug|Any CPU.Build.0 = Debug|Any CPU
		{CF1BA281-352B-41E0-B2AD-DC35C85358B7}.Release|Any CPU.ActiveCfg = Release|Any CPU
		{CF1BA281-352B-41E0-B2AD-DC35C85358B7}.Release|Any CPU.Build.0 = Release|Any CPU
		{49D85A35-F341-47A3-887F-68DEC06CEBCD}.Debug|Any CPU.ActiveCfg = Debug|Any CPU
		{49D85A35-F341-47A3-887F-68DEC06CEBCD}.Debug|Any CPU.Build.0 = Debug|Any CPU
		{49D85A35-F341-47A3-887F-68DEC06CEBCD}.Release|Any CPU.ActiveCfg = Release|Any CPU
		{49D85A35-F341-47A3-887F-68DEC06CEBCD}.Release|Any CPU.Build.0 = Release|Any CPU
		{4C81FC25-0394-4A8D-80EB-3BD1E7FB5FA2}.Debug|Any CPU.ActiveCfg = Debug|Any CPU
		{4C81FC25-0394-4A8D-80EB-3BD1E7FB5FA2}.Debug|Any CPU.Build.0 = Debug|Any CPU
		{4C81FC25-0394-4A8D-80EB-3BD1E7FB5FA2}.Release|Any CPU.ActiveCfg = Release|Any CPU
		{4C81FC25-0394-4A8D-80EB-3BD1E7FB5FA2}.Release|Any CPU.Build.0 = Release|Any CPU
		{A19FD310-6ADF-43EB-B684-D5F843A231F8}.Debug|Any CPU.ActiveCfg = Debug|Any CPU
		{A19FD310-6ADF-43EB-B684-D5F843A231F8}.Debug|Any CPU.Build.0 = Debug|Any CPU
		{A19FD310-6ADF-43EB-B684-D5F843A231F8}.Release|Any CPU.ActiveCfg = Release|Any CPU
		{A19FD310-6ADF-43EB-B684-D5F843A231F8}.Release|Any CPU.Build.0 = Release|Any CPU
	EndGlobalSection
	GlobalSection(SolutionProperties) = preSolution
		HideSolutionNode = FALSE
	EndGlobalSection
	GlobalSection(NestedProjects) = preSolution
		{4C81FC25-0394-4A8D-80EB-3BD1E7FB5FA2} = {0276AB5E-56E3-4CF3-950E-10D0848F62C1}
		{A19FD310-6ADF-43EB-B684-D5F843A231F8} = {0276AB5E-56E3-4CF3-950E-10D0848F62C1}
	EndGlobalSection
	GlobalSection(ExtensibilityGlobals) = postSolution
		SolutionGuid = {2EA9E7EB-A72E-4555-8BC9-15344F321341}
	EndGlobalSection
EndGlobal
